// !$*UTF8*$!
{
	archiveVersion = 1;
	classes = {
	};
	objectVersion = 46;
	objects = {

/* Begin PBXBuildFile section */
		8357C3B91E4646A4001162B8 /* AppDelegate.swift in Sources */ = {isa = PBXBuildFile; fileRef = 8357C3B81E4646A4001162B8 /* AppDelegate.swift */; };
		8357C3BB1E4646A4001162B8 /* ViewController.swift in Sources */ = {isa = PBXBuildFile; fileRef = 8357C3BA1E4646A4001162B8 /* ViewController.swift */; };
		8357C3BE1E4646A4001162B8 /* Main.storyboard in Resources */ = {isa = PBXBuildFile; fileRef = 8357C3BC1E4646A4001162B8 /* Main.storyboard */; };
		8357C3C11E4646A4001162B8 /* BBTestAppFailingRunScriptPhase.xcdatamodeld in Sources */ = {isa = PBXBuildFile; fileRef = 8357C3BF1E4646A4001162B8 /* BBTestAppFailingRunScriptPhase.xcdatamodeld */; };
		8357C3C31E4646A4001162B8 /* Assets.xcassets in Resources */ = {isa = PBXBuildFile; fileRef = 8357C3C21E4646A4001162B8 /* Assets.xcassets */; };
		8357C3C61E4646A4001162B8 /* LaunchScreen.storyboard in Resources */ = {isa = PBXBuildFile; fileRef = 8357C3C41E4646A4001162B8 /* LaunchScreen.storyboard */; };
		8357C3D11E4646A4001162B8 /* BBTestAppFailingRunScriptPhaseTests.swift in Sources */ = {isa = PBXBuildFile; fileRef = 8357C3D01E4646A4001162B8 /* BBTestAppFailingRunScriptPhaseTests.swift */; };
/* End PBXBuildFile section */

/* Begin PBXContainerItemProxy section */
		8357C3CD1E4646A4001162B8 /* PBXContainerItemProxy */ = {
			isa = PBXContainerItemProxy;
			containerPortal = 8357C3AD1E4646A4001162B8 /* Project object */;
			proxyType = 1;
			remoteGlobalIDString = 8357C3B41E4646A4001162B8;
			remoteInfo = BBTestAppFailingRunScriptPhase;
		};
/* End PBXContainerItemProxy section */

/* Begin PBXFileReference section */
		8357C3B51E4646A4001162B8 /* BBTestAppFailingRunScriptPhase.app */ = {isa = PBXFileReference; explicitFileType = wrapper.application; includeInIndex = 0; path = BBTestAppFailingRunScriptPhase.app; sourceTree = BUILT_PRODUCTS_DIR; };
		8357C3B81E4646A4001162B8 /* AppDelegate.swift */ = {isa = PBXFileReference; lastKnownFileType = sourcecode.swift; path = AppDelegate.swift; sourceTree = "<group>"; };
		8357C3BA1E4646A4001162B8 /* ViewController.swift */ = {isa = PBXFileReference; lastKnownFileType = sourcecode.swift; path = ViewController.swift; sourceTree = "<group>"; };
		8357C3BD1E4646A4001162B8 /* Base */ = {isa = PBXFileReference; lastKnownFileType = file.storyboard; name = Base; path = Base.lproj/Main.storyboard; sourceTree = "<group>"; };
		8357C3C01E4646A4001162B8 /* BBTestAppFailingRunScriptPhase.xcdatamodel */ = {isa = PBXFileReference; lastKnownFileType = wrapper.xcdatamodel; path = BBTestAppFailingRunScriptPhase.xcdatamodel; sourceTree = "<group>"; };
		8357C3C21E4646A4001162B8 /* Assets.xcassets */ = {isa = PBXFileReference; lastKnownFileType = folder.assetcatalog; path = Assets.xcassets; sourceTree = "<group>"; };
		8357C3C51E4646A4001162B8 /* Base */ = {isa = PBXFileReference; lastKnownFileType = file.storyboard; name = Base; path = Base.lproj/LaunchScreen.storyboard; sourceTree = "<group>"; };
		8357C3C71E4646A4001162B8 /* Info.plist */ = {isa = PBXFileReference; lastKnownFileType = text.plist.xml; path = Info.plist; sourceTree = "<group>"; };
		8357C3CC1E4646A4001162B8 /* BBTestAppFailingRunScriptPhaseTests.xctest */ = {isa = PBXFileReference; explicitFileType = wrapper.cfbundle; includeInIndex = 0; path = BBTestAppFailingRunScriptPhaseTests.xctest; sourceTree = BUILT_PRODUCTS_DIR; };
		8357C3D01E4646A4001162B8 /* BBTestAppFailingRunScriptPhaseTests.swift */ = {isa = PBXFileReference; lastKnownFileType = sourcecode.swift; path = BBTestAppFailingRunScriptPhaseTests.swift; sourceTree = "<group>"; };
		8357C3D21E4646A4001162B8 /* Info.plist */ = {isa = PBXFileReference; lastKnownFileType = text.plist.xml; path = Info.plist; sourceTree = "<group>"; };
/* End PBXFileReference section */

/* Begin PBXFrameworksBuildPhase section */
		8357C3B21E4646A4001162B8 /* Frameworks */ = {
			isa = PBXFrameworksBuildPhase;
			buildActionMask = 2147483647;
			files = (
			);
			runOnlyForDeploymentPostprocessing = 0;
		};
		8357C3C91E4646A4001162B8 /* Frameworks */ = {
			isa = PBXFrameworksBuildPhase;
			buildActionMask = 2147483647;
			files = (
			);
			runOnlyForDeploymentPostprocessing = 0;
		};
/* End PBXFrameworksBuildPhase section */

/* Begin PBXGroup section */
		8357C3AC1E4646A4001162B8 = {
			isa = PBXGroup;
			children = (
				8357C3B71E4646A4001162B8 /* BBTestAppFailingRunScriptPhase */,
				8357C3CF1E4646A4001162B8 /* BBTestAppFailingRunScriptPhaseTests */,
				8357C3B61E4646A4001162B8 /* Products */,
			);
			sourceTree = "<group>";
		};
		8357C3B61E4646A4001162B8 /* Products */ = {
			isa = PBXGroup;
			children = (
				8357C3B51E4646A4001162B8 /* BBTestAppFailingRunScriptPhase.app */,
				8357C3CC1E4646A4001162B8 /* BBTestAppFailingRunScriptPhaseTests.xctest */,
			);
			name = Products;
			sourceTree = "<group>";
		};
		8357C3B71E4646A4001162B8 /* BBTestAppFailingRunScriptPhase */ = {
			isa = PBXGroup;
			children = (
				8357C3B81E4646A4001162B8 /* AppDelegate.swift */,
				8357C3BA1E4646A4001162B8 /* ViewController.swift */,
				8357C3BC1E4646A4001162B8 /* Main.storyboard */,
				8357C3C21E4646A4001162B8 /* Assets.xcassets */,
				8357C3C41E4646A4001162B8 /* LaunchScreen.storyboard */,
				8357C3C71E4646A4001162B8 /* Info.plist */,
				8357C3BF1E4646A4001162B8 /* BBTestAppFailingRunScriptPhase.xcdatamodeld */,
			);
			path = BBTestAppFailingRunScriptPhase;
			sourceTree = "<group>";
		};
		8357C3CF1E4646A4001162B8 /* BBTestAppFailingRunScriptPhaseTests */ = {
			isa = PBXGroup;
			children = (
				8357C3D01E4646A4001162B8 /* BBTestAppFailingRunScriptPhaseTests.swift */,
				8357C3D21E4646A4001162B8 /* Info.plist */,
			);
			path = BBTestAppFailingRunScriptPhaseTests;
			sourceTree = "<group>";
		};
/* End PBXGroup section */

/* Begin PBXNativeTarget section */
		8357C3B41E4646A4001162B8 /* BBTestAppFailingRunScriptPhase */ = {
			isa = PBXNativeTarget;
			buildConfigurationList = 8357C3D51E4646A4001162B8 /* Build configuration list for PBXNativeTarget "BBTestAppFailingRunScriptPhase" */;
			buildPhases = (
				8357C3B11E4646A4001162B8 /* Sources */,
				8357C3B21E4646A4001162B8 /* Frameworks */,
				8357C3B31E4646A4001162B8 /* Resources */,
				8357C3DB1E4646AE001162B8 /* ShellScript */,
			);
			buildRules = (
			);
			dependencies = (
			);
			name = BBTestAppFailingRunScriptPhase;
			productName = BBTestAppFailingRunScriptPhase;
			productReference = 8357C3B51E4646A4001162B8 /* BBTestAppFailingRunScriptPhase.app */;
			productType = "com.apple.product-type.application";
		};
		8357C3CB1E4646A4001162B8 /* BBTestAppFailingRunScriptPhaseTests */ = {
			isa = PBXNativeTarget;
			buildConfigurationList = 8357C3D81E4646A4001162B8 /* Build configuration list for PBXNativeTarget "BBTestAppFailingRunScriptPhaseTests" */;
			buildPhases = (
				8357C3C81E4646A4001162B8 /* Sources */,
				8357C3C91E4646A4001162B8 /* Frameworks */,
				8357C3CA1E4646A4001162B8 /* Resources */,
			);
			buildRules = (
			);
			dependencies = (
				8357C3CE1E4646A4001162B8 /* PBXTargetDependency */,
			);
			name = BBTestAppFailingRunScriptPhaseTests;
			productName = BBTestAppFailingRunScriptPhaseTests;
			productReference = 8357C3CC1E4646A4001162B8 /* BBTestAppFailingRunScriptPhaseTests.xctest */;
			productType = "com.apple.product-type.bundle.unit-test";
		};
/* End PBXNativeTarget section */

/* Begin PBXProject section */
		8357C3AD1E4646A4001162B8 /* Project object */ = {
			isa = PBXProject;
			attributes = {
				LastSwiftUpdateCheck = 0820;
				LastUpgradeCheck = 0820;
				ORGANIZATIONNAME = "Chris Stott";
				TargetAttributes = {
					8357C3B41E4646A4001162B8 = {
						CreatedOnToolsVersion = 8.2;
						DevelopmentTeam = L4FET847JL;
						ProvisioningStyle = Automatic;
					};
					8357C3CB1E4646A4001162B8 = {
						CreatedOnToolsVersion = 8.2;
						DevelopmentTeam = L4FET847JL;
						ProvisioningStyle = Automatic;
						TestTargetID = 8357C3B41E4646A4001162B8;
					};
				};
			};
			buildConfigurationList = 8357C3B01E4646A4001162B8 /* Build configuration list for PBXProject "BBTestAppFailingRunScriptPhase" */;
			compatibilityVersion = "Xcode 3.2";
			developmentRegion = English;
			hasScannedForEncodings = 0;
			knownRegions = (
				en,
				Base,
			);
			mainGroup = 8357C3AC1E4646A4001162B8;
			productRefGroup = 8357C3B61E4646A4001162B8 /* Products */;
			projectDirPath = "";
			projectRoot = "";
			targets = (
				8357C3B41E4646A4001162B8 /* BBTestAppFailingRunScriptPhase */,
				8357C3CB1E4646A4001162B8 /* BBTestAppFailingRunScriptPhaseTests */,
			);
		};
/* End PBXProject section */

/* Begin PBXResourcesBuildPhase section */
		8357C3B31E4646A4001162B8 /* Resources */ = {
			isa = PBXResourcesBuildPhase;
			buildActionMask = 2147483647;
			files = (
				8357C3C61E4646A4001162B8 /* LaunchScreen.storyboard in Resources */,
				8357C3C31E4646A4001162B8 /* Assets.xcassets in Resources */,
				8357C3BE1E4646A4001162B8 /* Main.storyboard in Resources */,
			);
			runOnlyForDeploymentPostprocessing = 0;
		};
		8357C3CA1E4646A4001162B8 /* Resources */ = {
			isa = PBXResourcesBuildPhase;
			buildActionMask = 2147483647;
			files = (
			);
			runOnlyForDeploymentPostprocessing = 0;
		};
/* End PBXResourcesBuildPhase section */

/* Begin PBXShellScriptBuildPhase section */
		8357C3DB1E4646AE001162B8 /* ShellScript */ = {
			isa = PBXShellScriptBuildPhase;
			buildActionMask = 2147483647;
			files = (
			);
			inputPaths = (
			);
			outputPaths = (
			);
			runOnlyForDeploymentPostprocessing = 0;
			shellPath = /bin/sh;
			shellScript = "echo 'error: Some bad hombres here'";
		};
/* End PBXShellScriptBuildPhase section */

/* Begin PBXSourcesBuildPhase section */
		8357C3B11E4646A4001162B8 /* Sources */ = {
			isa = PBXSourcesBuildPhase;
			buildActionMask = 2147483647;
			files = (
				8357C3BB1E4646A4001162B8 /* ViewController.swift in Sources */,
				8357C3C11E4646A4001162B8 /* BBTestAppFailingRunScriptPhase.xcdatamodeld in Sources */,
				8357C3B91E4646A4001162B8 /* AppDelegate.swift in Sources */,
			);
			runOnlyForDeploymentPostprocessing = 0;
		};
		8357C3C81E4646A4001162B8 /* Sources */ = {
			isa = PBXSourcesBuildPhase;
			buildActionMask = 2147483647;
			files = (
				8357C3D11E4646A4001162B8 /* BBTestAppFailingRunScriptPhaseTests.swift in Sources */,
			);
			runOnlyForDeploymentPostprocessing = 0;
		};
/* End PBXSourcesBuildPhase section */

/* Begin PBXTargetDependency section */
		8357C3CE1E4646A4001162B8 /* PBXTargetDependency */ = {
			isa = PBXTargetDependency;
			target = 8357C3B41E4646A4001162B8 /* BBTestAppFailingRunScriptPhase */;
			targetProxy = 8357C3CD1E4646A4001162B8 /* PBXContainerItemProxy */;
		};
/* End PBXTargetDependency section */

/* Begin PBXVariantGroup section */
		8357C3BC1E4646A4001162B8 /* Main.storyboard */ = {
			isa = PBXVariantGroup;
			children = (
				8357C3BD1E4646A4001162B8 /* Base */,
			);
			name = Main.storyboard;
			sourceTree = "<group>";
		};
		8357C3C41E4646A4001162B8 /* LaunchScreen.storyboard */ = {
			isa = PBXVariantGroup;
			children = (
				8357C3C51E4646A4001162B8 /* Base */,
			);
			name = LaunchScreen.storyboard;
			sourceTree = "<group>";
		};
/* End PBXVariantGroup section */

/* Begin XCBuildConfiguration section */
		8357C3D31E4646A4001162B8 /* Debug */ = {
			isa = XCBuildConfiguration;
			buildSettings = {
				ALWAYS_SEARCH_USER_PATHS = NO;
				CLANG_ANALYZER_NONNULL = YES;
				CLANG_CXX_LANGUAGE_STANDARD = "gnu++0x";
				CLANG_CXX_LIBRARY = "libc++";
				CLANG_ENABLE_MODULES = YES;
				CLANG_ENABLE_OBJC_ARC = YES;
				CLANG_WARN_BOOL_CONVERSION = YES;
				CLANG_WARN_CONSTANT_CONVERSION = YES;
				CLANG_WARN_DIRECT_OBJC_ISA_USAGE = YES_ERROR;
				CLANG_WARN_DOCUMENTATION_COMMENTS = YES;
				CLANG_WARN_EMPTY_BODY = YES;
				CLANG_WARN_ENUM_CONVERSION = YES;
				CLANG_WARN_INFINITE_RECURSION = YES;
				CLANG_WARN_INT_CONVERSION = YES;
				CLANG_WARN_OBJC_ROOT_CLASS = YES_ERROR;
				CLANG_WARN_SUSPICIOUS_MOVE = YES;
				CLANG_WARN_UNREACHABLE_CODE = YES;
				CLANG_WARN__DUPLICATE_METHOD_MATCH = YES;
				"CODE_SIGN_IDENTITY[sdk=iphoneos*]" = "iPhone Developer";
				COPY_PHASE_STRIP = NO;
				DEBUG_INFORMATION_FORMAT = dwarf;
				ENABLE_STRICT_OBJC_MSGSEND = YES;
				ENABLE_TESTABILITY = YES;
				GCC_C_LANGUAGE_STANDARD = gnu99;
				GCC_DYNAMIC_NO_PIC = NO;
				GCC_NO_COMMON_BLOCKS = YES;
				GCC_OPTIMIZATION_LEVEL = 0;
				GCC_PREPROCESSOR_DEFINITIONS = (
					"DEBUG=1",
					"$(inherited)",
				);
				GCC_WARN_64_TO_32_BIT_CONVERSION = YES;
				GCC_WARN_ABOUT_RETURN_TYPE = YES_ERROR;
				GCC_WARN_UNDECLARED_SELECTOR = YES;
				GCC_WARN_UNINITIALIZED_AUTOS = YES_AGGRESSIVE;
				GCC_WARN_UNUSED_FUNCTION = YES;
				GCC_WARN_UNUSED_VARIABLE = YES;
				IPHONEOS_DEPLOYMENT_TARGET = 10.2;
				MTL_ENABLE_DEBUG_INFO = YES;
				ONLY_ACTIVE_ARCH = YES;
				SDKROOT = iphoneos;
				SWIFT_ACTIVE_COMPILATION_CONDITIONS = DEBUG;
				SWIFT_OPTIMIZATION_LEVEL = "-Onone";
				TARGETED_DEVICE_FAMILY = "1,2";
			};
			name = Debug;
		};
		8357C3D41E4646A4001162B8 /* Release */ = {
			isa = XCBuildConfiguration;
			buildSettings = {
				ALWAYS_SEARCH_USER_PATHS = NO;
				CLANG_ANALYZER_NONNULL = YES;
				CLANG_CXX_LANGUAGE_STANDARD = "gnu++0x";
				CLANG_CXX_LIBRARY = "libc++";
				CLANG_ENABLE_MODULES = YES;
				CLANG_ENABLE_OBJC_ARC = YES;
				CLANG_WARN_BOOL_CONVERSION = YES;
				CLANG_WARN_CONSTANT_CONVERSION = YES;
				CLANG_WARN_DIRECT_OBJC_ISA_USAGE = YES_ERROR;
				CLANG_WARN_DOCUMENTATION_COMMENTS = YES;
				CLANG_WARN_EMPTY_BODY = YES;
				CLANG_WARN_ENUM_CONVERSION = YES;
				CLANG_WARN_INFINITE_RECURSION = YES;
				CLANG_WARN_INT_CONVERSION = YES;
				CLANG_WARN_OBJC_ROOT_CLASS = YES_ERROR;
				CLANG_WARN_SUSPICIOUS_MOVE = YES;
				CLANG_WARN_UNREACHABLE_CODE = YES;
				CLANG_WARN__DUPLICATE_METHOD_MATCH = YES;
				"CODE_SIGN_IDENTITY[sdk=iphoneos*]" = "iPhone Developer";
				COPY_PHASE_STRIP = NO;
				DEBUG_INFORMATION_FORMAT = "dwarf-with-dsym";
				ENABLE_NS_ASSERTIONS = NO;
				ENABLE_STRICT_OBJC_MSGSEND = YES;
				GCC_C_LANGUAGE_STANDARD = gnu99;
				GCC_NO_COMMON_BLOCKS = YES;
				GCC_WARN_64_TO_32_BIT_CONVERSION = YES;
				GCC_WARN_ABOUT_RETURN_TYPE = YES_ERROR;
				GCC_WARN_UNDECLARED_SELECTOR = YES;
				GCC_WARN_UNINITIALIZED_AUTOS = YES_AGGRESSIVE;
				GCC_WARN_UNUSED_FUNCTION = YES;
				GCC_WARN_UNUSED_VARIABLE = YES;
				IPHONEOS_DEPLOYMENT_TARGET = 10.2;
				MTL_ENABLE_DEBUG_INFO = NO;
				SDKROOT = iphoneos;
				SWIFT_OPTIMIZATION_LEVEL = "-Owholemodule";
				TARGETED_DEVICE_FAMILY = "1,2";
				VALIDATE_PRODUCT = YES;
			};
			name = Release;
		};
		8357C3D61E4646A4001162B8 /* Debug */ = {
			isa = XCBuildConfiguration;
			buildSettings = {
				ASSETCATALOG_COMPILER_APPICON_NAME = AppIcon;
				DEVELOPMENT_TEAM = L4FET847JL;
				INFOPLIST_FILE = BBTestAppFailingRunScriptPhase/Info.plist;
				LD_RUNPATH_SEARCH_PATHS = "$(inherited) @executable_path/Frameworks";
				PRODUCT_BUNDLE_IDENTIFIER = com.buddybuild.BBTestAppFailingRunScriptPhase;
				PRODUCT_NAME = "$(TARGET_NAME)";
				SWIFT_VERSION = 3.0;
			};
			name = Debug;
		};
		8357C3D71E4646A4001162B8 /* Release */ = {
			isa = XCBuildConfiguration;
			buildSettings = {
				ASSETCATALOG_COMPILER_APPICON_NAME = AppIcon;
				DEVELOPMENT_TEAM = L4FET847JL;
				INFOPLIST_FILE = BBTestAppFailingRunScriptPhase/Info.plist;
				LD_RUNPATH_SEARCH_PATHS = "$(inherited) @executable_path/Frameworks";
				PRODUCT_BUNDLE_IDENTIFIER = com.buddybuild.BBTestAppFailingRunScriptPhase;
				PRODUCT_NAME = "$(TARGET_NAME)";
				SWIFT_VERSION = 3.0;
			};
			name = Release;
		};
		8357C3D91E4646A4001162B8 /* Debug */ = {
			isa = XCBuildConfiguration;
			buildSettings = {
				ALWAYS_EMBED_SWIFT_STANDARD_LIBRARIES = YES;
				BUNDLE_LOADER = "$(TEST_HOST)";
				DEVELOPMENT_TEAM = L4FET847JL;
				INFOPLIST_FILE = BBTestAppFailingRunScriptPhaseTests/Info.plist;
				LD_RUNPATH_SEARCH_PATHS = "$(inherited) @executable_path/Frameworks @loader_path/Frameworks";
				PRODUCT_BUNDLE_IDENTIFIER = com.buddybuild.BBTestAppFailingRunScriptPhaseTests;
				PRODUCT_NAME = "$(TARGET_NAME)";
				SWIFT_VERSION = 3.0;
				TEST_HOST = "$(BUILT_PRODUCTS_DIR)/BBTestAppFailingRunScriptPhase.app/BBTestAppFailingRunScriptPhase";
			};
			name = Debug;
		};
		8357C3DA1E4646A4001162B8 /* Release */ = {
			isa = XCBuildConfiguration;
			buildSettings = {
				ALWAYS_EMBED_SWIFT_STANDARD_LIBRARIES = YES;
				BUNDLE_LOADER = "$(TEST_HOST)";
				DEVELOPMENT_TEAM = L4FET847JL;
				INFOPLIST_FILE = BBTestAppFailingRunScriptPhaseTests/Info.plist;
				LD_RUNPATH_SEARCH_PATHS = "$(inherited) @executable_path/Frameworks @loader_path/Frameworks";
				PRODUCT_BUNDLE_IDENTIFIER = com.buddybuild.BBTestAppFailingRunScriptPhaseTests;
				PRODUCT_NAME = "$(TARGET_NAME)";
				SWIFT_VERSION = 3.0;
				TEST_HOST = "$(BUILT_PRODUCTS_DIR)/BBTestAppFailingRunScriptPhase.app/BBTestAppFailingRunScriptPhase";
			};
			name = Release;
		};
/* End XCBuildConfiguration section */

/* Begin XCConfigurationList section */
		8357C3B01E4646A4001162B8 /* Build configuration list for PBXProject "BBTestAppFailingRunScriptPhase" */ = {
			isa = XCConfigurationList;
			buildConfigurations = (
				8357C3D31E4646A4001162B8 /* Debug */,
				8357C3D41E4646A4001162B8 /* Release */,
			);
			defaultConfigurationIsVisible = 0;
			defaultConfigurationName = Release;
		};
		8357C3D51E4646A4001162B8 /* Build configuration list for PBXNativeTarget "BBTestAppFailingRunScriptPhase" */ = {
			isa = XCConfigurationList;
			buildConfigurations = (
				8357C3D61E4646A4001162B8 /* Debug */,
				8357C3D71E4646A4001162B8 /* Release */,
			);
			defaultConfigurationIsVisible = 0;
		};
		8357C3D81E4646A4001162B8 /* Build configuration list for PBXNativeTarget "BBTestAppFailingRunScriptPhaseTests" */ = {
			isa = XCConfigurationList;
			buildConfigurations = (
				8357C3D91E4646A4001162B8 /* Debug */,
				8357C3DA1E4646A4001162B8 /* Release */,
			);
			defaultConfigurationIsVisible = 0;
		};
/* End XCConfigurationList section */

/* Begin XCVersionGroup section */
		8357C3BF1E4646A4001162B8 /* BBTestAppFailingRunScriptPhase.xcdatamodeld */ = {
			isa = XCVersionGroup;
			children = (
				8357C3C01E4646A4001162B8 /* BBTestAppFailingRunScriptPhase.xcdatamodel */,
			);
			currentVersion = 8357C3C01E4646A4001162B8 /* BBTestAppFailingRunScriptPhase.xcdatamodel */;
			path = BBTestAppFailingRunScriptPhase.xcdatamodeld;
			sourceTree = "<group>";
			versionGroupType = wrapper.xcdatamodel;
		};
/* End XCVersionGroup section */
	};
	rootObject = 8357C3AD1E4646A4001162B8 /* Project object */;
}
